# This file is automatically @generated by Cargo.
# It is not intended for manual editing.
version = 4

[[package]]
name = "champ-trie"
version = "0.1.0"
dependencies = [
 "safe-bump",
]

[[package]]
name = "safe-bump"
version = "0.2.1"
source = "registry+https://github.com/rust-lang/crates.io-index"
checksum = "031ac0abb11387b0c05b911412b63881cdb6f7db9b8952b7ee515d21fd3b175a"
